
Microsoft Visual Studio Solution File, Format Version 12.00
# Visual Studio 15
VisualStudioVersion = 15.0.28010.0
MinimumVisualStudioVersion = 10.0.40219.1
Project("{9A19103F-16F7-4668-BE54-9A1E7A4F7556}") = "MemeSounds", "MemeSounds\MemeSounds\MemeSounds.csproj", "{894BA597-A2C5-4E41-B2A3-770773E33904}"
EndProject
Project("{FAE04EC0-301F-11D3-BF4B-00C04F79EFBC}") = "MemeSounds.Domain", "Lands.Domain\MemeSounds.Domain.csproj", "{CCABC6EE-D37D-43D7-9F9A-651B1CF95E21}"
EndProject
Project("{9A19103F-16F7-4668-BE54-9A1E7A4F7556}") = "MemeSounds.Backend", "MemeSounds.Backend\MemeSounds.Backend.csproj", "{1C75469A-F596-432F-9EC0-B8DDF5F19BC2}"
EndProject
Project("{9A19103F-16F7-4668-BE54-9A1E7A4F7556}") = "MemeSounds.API", "MemeSounds.API\MemeSounds.API.csproj", "{01B7E5FA-96AF-41F5-96BB-9475AA7B9346}"
EndProject
Project("{FAE04EC0-301F-11D3-BF4B-00C04F79EFBC}") = "MemeSounds.Android", "MemeSounds\MemeSounds.Android\MemeSounds.Android.csproj", "{849A8FC8-B251-43D2-B886-A0F745FDCFE3}"
EndProject
Project("{FAE04EC0-301F-11D3-BF4B-00C04F79EFBC}") = "MemeSounds.iOS", "MemeSounds\MemeSounds.iOS\MemeSounds.iOS.csproj", "{D6A660DB-0BBD-402C-990C-54820878DD93}"
EndProject
Global
	GlobalSection(SolutionConfigurationPlatforms) = preSolution
		Ad-Hoc|Any CPU = Ad-Hoc|Any CPU
		Ad-Hoc|iPhone = Ad-Hoc|iPhone
		Ad-Hoc|iPhoneSimulator = Ad-Hoc|iPhoneSimulator
		AppStore|Any CPU = AppStore|Any CPU
		AppStore|iPhone = AppStore|iPhone
		AppStore|iPhoneSimulator = AppStore|iPhoneSimulator
		Debug|Any CPU = Debug|Any CPU
		Debug|iPhone = Debug|iPhone
		Debug|iPhoneSimulator = Debug|iPhoneSimulator
		Release|Any CPU = Release|Any CPU
		Release|iPhone = Release|iPhone
		Release|iPhoneSimulator = Release|iPhoneSimulator
	EndGlobalSection
	GlobalSection(ProjectConfigurationPlatforms) = postSolution
		{894BA597-A2C5-4E41-B2A3-770773E33904}.Ad-Hoc|Any CPU.ActiveCfg = Debug|Any CPU
		{894BA597-A2C5-4E41-B2A3-770773E33904}.Ad-Hoc|Any CPU.Build.0 = Debug|Any CPU
		{894BA597-A2C5-4E41-B2A3-770773E33904}.Ad-Hoc|Any CPU.Deploy.0 = Debug|Any CPU
		{894BA597-A2C5-4E41-B2A3-770773E33904}.Ad-Hoc|iPhone.ActiveCfg = Debug|Any CPU
		{894BA597-A2C5-4E41-B2A3-770773E33904}.Ad-Hoc|iPhone.Build.0 = Debug|Any CPU
		{894BA597-A2C5-4E41-B2A3-770773E33904}.Ad-Hoc|iPhone.Deploy.0 = Debug|Any CPU
		{894BA597-A2C5-4E41-B2A3-770773E33904}.Ad-Hoc|iPhoneSimulator.ActiveCfg = Debug|Any CPU
		{894BA597-A2C5-4E41-B2A3-770773E33904}.Ad-Hoc|iPhoneSimulator.Build.0 = Debug|Any CPU
		{894BA597-A2C5-4E41-B2A3-770773E33904}.Ad-Hoc|iPhoneSimulator.Deploy.0 = Debug|Any CPU
		{894BA597-A2C5-4E41-B2A3-770773E33904}.AppStore|Any CPU.ActiveCfg = Debug|Any CPU
		{894BA597-A2C5-4E41-B2A3-770773E33904}.AppStore|Any CPU.Build.0 = Debug|Any CPU
		{894BA597-A2C5-4E41-B2A3-770773E33904}.AppStore|Any CPU.Deploy.0 = Debug|Any CPU
		{894BA597-A2C5-4E41-B2A3-770773E33904}.AppStore|iPhone.ActiveCfg = Debug|Any CPU
		{894BA597-A2C5-4E41-B2A3-770773E33904}.AppStore|iPhone.Build.0 = Debug|Any CPU
		{894BA597-A2C5-4E41-B2A3-770773E33904}.AppStore|iPhone.Deploy.0 = Debug|Any CPU
		{894BA597-A2C5-4E41-B2A3-770773E33904}.AppStore|iPhoneSimulator.ActiveCfg = Debug|Any CPU
		{894BA597-A2C5-4E41-B2A3-770773E33904}.AppStore|iPhoneSimulator.Build.0 = Debug|Any CPU
		{894BA597-A2C5-4E41-B2A3-770773E33904}.AppStore|iPhoneSimulator.Deploy.0 = Debug|Any CPU
		{894BA597-A2C5-4E41-B2A3-770773E33904}.Debug|Any CPU.ActiveCfg = Debug|Any CPU
		{894BA597-A2C5-4E41-B2A3-770773E33904}.Debug|Any CPU.Build.0 = Debug|Any CPU
		{894BA597-A2C5-4E41-B2A3-770773E33904}.Debug|Any CPU.Deploy.0 = Debug|Any CPU
		{894BA597-A2C5-4E41-B2A3-770773E33904}.Debug|iPhone.ActiveCfg = Debug|Any CPU
		{894BA597-A2C5-4E41-B2A3-770773E33904}.Debug|iPhone.Build.0 = Debug|Any CPU
		{894BA597-A2C5-4E41-B2A3-770773E33904}.Debug|iPhone.Deploy.0 = Debug|Any CPU
		{894BA597-A2C5-4E41-B2A3-770773E33904}.Debug|iPhoneSimulator.ActiveCfg = Debug|Any CPU
		{894BA597-A2C5-4E41-B2A3-770773E33904}.Debug|iPhoneSimulator.Build.0 = Debug|Any CPU
		{894BA597-A2C5-4E41-B2A3-770773E33904}.Debug|iPhoneSimulator.Deploy.0 = Debug|Any CPU
		{894BA597-A2C5-4E41-B2A3-770773E33904}.Release|Any CPU.ActiveCfg = Release|Any CPU
		{894BA597-A2C5-4E41-B2A3-770773E33904}.Release|Any CPU.Build.0 = Release|Any CPU
		{894BA597-A2C5-4E41-B2A3-770773E33904}.Release|Any CPU.Deploy.0 = Release|Any CPU
		{894BA597-A2C5-4E41-B2A3-770773E33904}.Release|iPhone.ActiveCfg = Release|Any CPU
		{894BA597-A2C5-4E41-B2A3-770773E33904}.Release|iPhone.Build.0 = Release|Any CPU
		{894BA597-A2C5-4E41-B2A3-770773E33904}.Release|iPhone.Deploy.0 = Release|Any CPU
		{894BA597-A2C5-4E41-B2A3-770773E33904}.Release|iPhoneSimulator.ActiveCfg = Release|Any CPU
		{894BA597-A2C5-4E41-B2A3-770773E33904}.Release|iPhoneSimulator.Build.0 = Release|Any CPU
		{894BA597-A2C5-4E41-B2A3-770773E33904}.Release|iPhoneSimulator.Deploy.0 = Release|Any CPU
		{CCABC6EE-D37D-43D7-9F9A-651B1CF95E21}.Ad-Hoc|Any CPU.ActiveCfg = Release|Any CPU
		{CCABC6EE-D37D-43D7-9F9A-651B1CF95E21}.Ad-Hoc|Any CPU.Build.0 = Release|Any CPU
		{CCABC6EE-D37D-43D7-9F9A-651B1CF95E21}.Ad-Hoc|iPhone.ActiveCfg = Release|Any CPU
		{CCABC6EE-D37D-43D7-9F9A-651B1CF95E21}.Ad-Hoc|iPhone.Build.0 = Release|Any CPU
		{CCABC6EE-D37D-43D7-9F9A-651B1CF95E21}.Ad-Hoc|iPhoneSimulator.ActiveCfg = Release|Any CPU
		{CCABC6EE-D37D-43D7-9F9A-651B1CF95E21}.Ad-Hoc|iPhoneSimulator.Build.0 = Release|Any CPU
		{CCABC6EE-D37D-43D7-9F9A-651B1CF95E21}.AppStore|Any CPU.ActiveCfg = Release|Any CPU
		{CCABC6EE-D37D-43D7-9F9A-651B1CF95E21}.AppStore|Any CPU.Build.0 = Release|Any CPU
		{CCABC6EE-D37D-43D7-9F9A-651B1CF95E21}.AppStore|iPhone.ActiveCfg = Release|Any CPU
		{CCABC6EE-D37D-43D7-9F9A-651B1CF95E21}.AppStore|iPhone.Build.0 = Release|Any CPU
		{CCABC6EE-D37D-43D7-9F9A-651B1CF95E21}.AppStore|iPhoneSimulator.ActiveCfg = Release|Any CPU
		{CCABC6EE-D37D-43D7-9F9A-651B1CF95E21}.AppStore|iPhoneSimulator.Build.0 = Release|Any CPU
		{CCABC6EE-D37D-43D7-9F9A-651B1CF95E21}.Debug|Any CPU.ActiveCfg = Debug|Any CPU
		{CCABC6EE-D37D-43D7-9F9A-651B1CF95E21}.Debug|Any CPU.Build.0 = Debug|Any CPU
		{CCABC6EE-D37D-43D7-9F9A-651B1CF95E21}.Debug|iPhone.ActiveCfg = Debug|Any CPU
		{CCABC6EE-D37D-43D7-9F9A-651B1CF95E21}.Debug|iPhone.Build.0 = Debug|Any CPU
		{CCABC6EE-D37D-43D7-9F9A-651B1CF95E21}.Debug|iPhoneSimulator.ActiveCfg = Debug|Any CPU
		{CCABC6EE-D37D-43D7-9F9A-651B1CF95E21}.Debug|iPhoneSimulator.Build.0 = Debug|Any CPU
		{CCABC6EE-D37D-43D7-9F9A-651B1CF95E21}.Release|Any CPU.ActiveCfg = Release|Any CPU
		{CCABC6EE-D37D-43D7-9F9A-651B1CF95E21}.Release|Any CPU.Build.0 = Release|Any CPU
		{CCABC6EE-D37D-43D7-9F9A-651B1CF95E21}.Release|iPhone.ActiveCfg = Release|Any CPU
		{CCABC6EE-D37D-43D7-9F9A-651B1CF95E21}.Release|iPhone.Build.0 = Release|Any CPU
		{CCABC6EE-D37D-43D7-9F9A-651B1CF95E21}.Release|iPhoneSimulator.ActiveCfg = Release|Any CPU
		{CCABC6EE-D37D-43D7-9F9A-651B1CF95E21}.Release|iPhoneSimulator.Build.0 = Release|Any CPU
		{1C75469A-F596-432F-9EC0-B8DDF5F19BC2}.Ad-Hoc|Any CPU.ActiveCfg = Debug|Any CPU
		{1C75469A-F596-432F-9EC0-B8DDF5F19BC2}.Ad-Hoc|Any CPU.Build.0 = Debug|Any CPU
		{1C75469A-F596-432F-9EC0-B8DDF5F19BC2}.Ad-Hoc|iPhone.ActiveCfg = Debug|Any CPU
		{1C75469A-F596-432F-9EC0-B8DDF5F19BC2}.Ad-Hoc|iPhone.Build.0 = Debug|Any CPU
		{1C75469A-F596-432F-9EC0-B8DDF5F19BC2}.Ad-Hoc|iPhoneSimulator.ActiveCfg = Debug|Any CPU
		{1C75469A-F596-432F-9EC0-B8DDF5F19BC2}.Ad-Hoc|iPhoneSimulator.Build.0 = Debug|Any CPU
		{1C75469A-F596-432F-9EC0-B8DDF5F19BC2}.AppStore|Any CPU.ActiveCfg = Debug|Any CPU
		{1C75469A-F596-432F-9EC0-B8DDF5F19BC2}.AppStore|Any CPU.Build.0 = Debug|Any CPU
		{1C75469A-F596-432F-9EC0-B8DDF5F19BC2}.AppStore|iPhone.ActiveCfg = Debug|Any CPU
		{1C75469A-F596-432F-9EC0-B8DDF5F19BC2}.AppStore|iPhone.Build.0 = Debug|Any CPU
		{1C75469A-F596-432F-9EC0-B8DDF5F19BC2}.AppStore|iPhoneSimulator.ActiveCfg = Debug|Any CPU
		{1C75469A-F596-432F-9EC0-B8DDF5F19BC2}.AppStore|iPhoneSimulator.Build.0 = Debug|Any CPU
		{1C75469A-F596-432F-9EC0-B8DDF5F19BC2}.Debug|Any CPU.ActiveCfg = Debug|Any CPU
		{1C75469A-F596-432F-9EC0-B8DDF5F19BC2}.Debug|Any CPU.Build.0 = Debug|Any CPU
		{1C75469A-F596-432F-9EC0-B8DDF5F19BC2}.Debug|iPhone.ActiveCfg = Debug|Any CPU
		{1C75469A-F596-432F-9EC0-B8DDF5F19BC2}.Debug|iPhone.Build.0 = Debug|Any CPU
		{1C75469A-F596-432F-9EC0-B8DDF5F19BC2}.Debug|iPhoneSimulator.ActiveCfg = Debug|Any CPU
		{1C75469A-F596-432F-9EC0-B8DDF5F19BC2}.Debug|iPhoneSimulator.Build.0 = Debug|Any CPU
		{1C75469A-F596-432F-9EC0-B8DDF5F19BC2}.Release|Any CPU.ActiveCfg = Release|Any CPU
		{1C75469A-F596-432F-9EC0-B8DDF5F19BC2}.Release|Any CPU.Build.0 = Release|Any CPU
		{1C75469A-F596-432F-9EC0-B8DDF5F19BC2}.Release|iPhone.ActiveCfg = Release|Any CPU
		{1C75469A-F596-432F-9EC0-B8DDF5F19BC2}.Release|iPhone.Build.0 = Release|Any CPU
		{1C75469A-F596-432F-9EC0-B8DDF5F19BC2}.Release|iPhoneSimulator.ActiveCfg = Release|Any CPU
		{1C75469A-F596-432F-9EC0-B8DDF5F19BC2}.Release|iPhoneSimulator.Build.0 = Release|Any CPU
		{01B7E5FA-96AF-41F5-96BB-9475AA7B9346}.Ad-Hoc|Any CPU.ActiveCfg = Debug|Any CPU
		{01B7E5FA-96AF-41F5-96BB-9475AA7B9346}.Ad-Hoc|Any CPU.Build.0 = Debug|Any CPU
		{01B7E5FA-96AF-41F5-96BB-9475AA7B9346}.Ad-Hoc|iPhone.ActiveCfg = Debug|Any CPU
		{01B7E5FA-96AF-41F5-96BB-9475AA7B9346}.Ad-Hoc|iPhone.Build.0 = Debug|Any CPU
		{01B7E5FA-96AF-41F5-96BB-9475AA7B9346}.Ad-Hoc|iPhoneSimulator.ActiveCfg = Debug|Any CPU
		{01B7E5FA-96AF-41F5-96BB-9475AA7B9346}.Ad-Hoc|iPhoneSimulator.Build.0 = Debug|Any CPU
		{01B7E5FA-96AF-41F5-96BB-9475AA7B9346}.AppStore|Any CPU.ActiveCfg = Debug|Any CPU
		{01B7E5FA-96AF-41F5-96BB-9475AA7B9346}.AppStore|Any CPU.Build.0 = Debug|Any CPU
		{01B7E5FA-96AF-41F5-96BB-9475AA7B9346}.AppStore|iPhone.ActiveCfg = Debug|Any CPU
		{01B7E5FA-96AF-41F5-96BB-9475AA7B9346}.AppStore|iPhone.Build.0 = Debug|Any CPU
		{01B7E5FA-96AF-41F5-96BB-9475AA7B9346}.AppStore|iPhoneSimulator.ActiveCfg = Debug|Any CPU
		{01B7E5FA-96AF-41F5-96BB-9475AA7B9346}.AppStore|iPhoneSimulator.Build.0 = Debug|Any CPU
		{01B7E5FA-96AF-41F5-96BB-9475AA7B9346}.Debug|Any CPU.ActiveCfg = Debug|Any CPU
		{01B7E5FA-96AF-41F5-96BB-9475AA7B9346}.Debug|Any CPU.Build.0 = Debug|Any CPU
		{01B7E5FA-96AF-41F5-96BB-9475AA7B9346}.Debug|iPhone.ActiveCfg = Debug|Any CPU
		{01B7E5FA-96AF-41F5-96BB-9475AA7B9346}.Debug|iPhone.Build.0 = Debug|Any CPU
		{01B7E5FA-96AF-41F5-96BB-9475AA7B9346}.Debug|iPhoneSimulator.ActiveCfg = Debug|Any CPU
		{01B7E5FA-96AF-41F5-96BB-9475AA7B9346}.Debug|iPhoneSimulator.Build.0 = Debug|Any CPU
		{01B7E5FA-96AF-41F5-96BB-9475AA7B9346}.Release|Any CPU.ActiveCfg = Release|Any CPU
		{01B7E5FA-96AF-41F5-96BB-9475AA7B9346}.Release|Any CPU.Build.0 = Release|Any CPU
		{01B7E5FA-96AF-41F5-96BB-9475AA7B9346}.Release|iPhone.ActiveCfg = Release|Any CPU
		{01B7E5FA-96AF-41F5-96BB-9475AA7B9346}.Release|iPhone.Build.0 = Release|Any CPU
		{01B7E5FA-96AF-41F5-96BB-9475AA7B9346}.Release|iPhoneSimulator.ActiveCfg = Release|Any CPU
		{01B7E5FA-96AF-41F5-96BB-9475AA7B9346}.Release|iPhoneSimulator.Build.0 = Release|Any CPU
		{849A8FC8-B251-43D2-B886-A0F745FDCFE3}.Ad-Hoc|Any CPU.ActiveCfg = Release|Any CPU
		{849A8FC8-B251-43D2-B886-A0F745FDCFE3}.Ad-Hoc|Any CPU.Build.0 = Release|Any CPU
		{849A8FC8-B251-43D2-B886-A0F745FDCFE3}.Ad-Hoc|Any CPU.Deploy.0 = Release|Any CPU
		{849A8FC8-B251-43D2-B886-A0F745FDCFE3}.Ad-Hoc|iPhone.ActiveCfg = Release|Any CPU
		{849A8FC8-B251-43D2-B886-A0F745FDCFE3}.Ad-Hoc|iPhone.Build.0 = Release|Any CPU
		{849A8FC8-B251-43D2-B886-A0F745FDCFE3}.Ad-Hoc|iPhone.Deploy.0 = Release|Any CPU
		{849A8FC8-B251-43D2-B886-A0F745FDCFE3}.Ad-Hoc|iPhoneSimulator.ActiveCfg = Release|Any CPU
		{849A8FC8-B251-43D2-B886-A0F745FDCFE3}.Ad-Hoc|iPhoneSimulator.Build.0 = Release|Any CPU
		{849A8FC8-B251-43D2-B886-A0F745FDCFE3}.Ad-Hoc|iPhoneSimulator.Deploy.0 = Release|Any CPU
		{849A8FC8-B251-43D2-B886-A0F745FDCFE3}.AppStore|Any CPU.ActiveCfg = Release|Any CPU
		{849A8FC8-B251-43D2-B886-A0F745FDCFE3}.AppStore|Any CPU.Build.0 = Release|Any CPU
		{849A8FC8-B251-43D2-B886-A0F745FDCFE3}.AppStore|Any CPU.Deploy.0 = Release|Any CPU
		{849A8FC8-B251-43D2-B886-A0F745FDCFE3}.AppStore|iPhone.ActiveCfg = Release|Any CPU
		{849A8FC8-B251-43D2-B886-A0F745FDCFE3}.AppStore|iPhone.Build.0 = Release|Any CPU
		{849A8FC8-B251-43D2-B886-A0F745FDCFE3}.AppStore|iPhone.Deploy.0 = Release|Any CPU
		{849A8FC8-B251-43D2-B886-A0F745FDCFE3}.AppStore|iPhoneSimulator.ActiveCfg = Release|Any CPU
		{849A8FC8-B251-43D2-B886-A0F745FDCFE3}.AppStore|iPhoneSimulator.Build.0 = Release|Any CPU
		{849A8FC8-B251-43D2-B886-A0F745FDCFE3}.AppStore|iPhoneSimulator.Deploy.0 = Release|Any CPU
		{849A8FC8-B251-43D2-B886-A0F745FDCFE3}.Debug|Any CPU.ActiveCfg = Debug|Any CPU
		{849A8FC8-B251-43D2-B886-A0F745FDCFE3}.Debug|Any CPU.Build.0 = Debug|Any CPU
		{849A8FC8-B251-43D2-B886-A0F745FDCFE3}.Debug|Any CPU.Deploy.0 = Debug|Any CPU
		{849A8FC8-B251-43D2-B886-A0F745FDCFE3}.Debug|iPhone.ActiveCfg = Debug|Any CPU
		{849A8FC8-B251-43D2-B886-A0F745FDCFE3}.Debug|iPhone.Build.0 = Debug|Any CPU
		{849A8FC8-B251-43D2-B886-A0F745FDCFE3}.Debug|iPhone.Deploy.0 = Debug|Any CPU
		{849A8FC8-B251-43D2-B886-A0F745FDCFE3}.Debug|iPhoneSimulator.ActiveCfg = Debug|Any CPU
		{849A8FC8-B251-43D2-B886-A0F745FDCFE3}.Debug|iPhoneSimulator.Build.0 = Debug|Any CPU
		{849A8FC8-B251-43D2-B886-A0F745FDCFE3}.Debug|iPhoneSimulator.Deploy.0 = Debug|Any CPU
		{849A8FC8-B251-43D2-B886-A0F745FDCFE3}.Release|Any CPU.ActiveCfg = Release|Any CPU
		{849A8FC8-B251-43D2-B886-A0F745FDCFE3}.Release|Any CPU.Build.0 = Release|Any CPU
		{849A8FC8-B251-43D2-B886-A0F745FDCFE3}.Release|Any CPU.Deploy.0 = Release|Any CPU
		{849A8FC8-B251-43D2-B886-A0F745FDCFE3}.Release|iPhone.ActiveCfg = Release|Any CPU
		{849A8FC8-B251-43D2-B886-A0F745FDCFE3}.Release|iPhone.Build.0 = Release|Any CPU
		{849A8FC8-B251-43D2-B886-A0F745FDCFE3}.Release|iPhone.Deploy.0 = Release|Any CPU
		{849A8FC8-B251-43D2-B886-A0F745FDCFE3}.Release|iPhoneSimulator.ActiveCfg = Release|Any CPU
		{849A8FC8-B251-43D2-B886-A0F745FDCFE3}.Release|iPhoneSimulator.Build.0 = Release|Any CPU
		{849A8FC8-B251-43D2-B886-A0F745FDCFE3}.Release|iPhoneSimulator.Deploy.0 = Release|Any CPU
		{D6A660DB-0BBD-402C-990C-54820878DD93}.Ad-Hoc|Any CPU.ActiveCfg = Ad-Hoc|iPhone
		{D6A660DB-0BBD-402C-990C-54820878DD93}.Ad-Hoc|iPhone.ActiveCfg = Ad-Hoc|iPhone
		{D6A660DB-0BBD-402C-990C-54820878DD93}.Ad-Hoc|iPhone.Build.0 = Ad-Hoc|iPhone
		{D6A660DB-0BBD-402C-990C-54820878DD93}.Ad-Hoc|iPhoneSimulator.ActiveCfg = Ad-Hoc|iPhoneSimulator
		{D6A660DB-0BBD-402C-990C-54820878DD93}.Ad-Hoc|iPhoneSimulator.Build.0 = Ad-Hoc|iPhoneSimulator
		{D6A660DB-0BBD-402C-990C-54820878DD93}.AppStore|Any CPU.ActiveCfg = AppStore|iPhone
		{D6A660DB-0BBD-402C-990C-54820878DD93}.AppStore|iPhone.ActiveCfg = AppStore|iPhone
		{D6A660DB-0BBD-402C-990C-54820878DD93}.AppStore|iPhone.Build.0 = AppStore|iPhone
		{D6A660DB-0BBD-402C-990C-54820878DD93}.AppStore|iPhoneSimulator.ActiveCfg = AppStore|iPhoneSimulator
		{D6A660DB-0BBD-402C-990C-54820878DD93}.AppStore|iPhoneSimulator.Build.0 = AppStore|iPhoneSimulator
		{D6A660DB-0BBD-402C-990C-54820878DD93}.Debug|Any CPU.ActiveCfg = Debug|iPhone
		{D6A660DB-0BBD-402C-990C-54820878DD93}.Debug|iPhone.ActiveCfg = Debug|iPhone
		{D6A660DB-0BBD-402C-990C-54820878DD93}.Debug|iPhone.Build.0 = Debug|iPhone
		{D6A660DB-0BBD-402C-990C-54820878DD93}.Debug|iPhoneSimulator.ActiveCfg = Debug|iPhoneSimulator
		{D6A660DB-0BBD-402C-990C-54820878DD93}.Debug|iPhoneSimulator.Build.0 = Debug|iPhoneSimulator
		{D6A660DB-0BBD-402C-990C-54820878DD93}.Release|Any CPU.ActiveCfg = Release|iPhone
		{D6A660DB-0BBD-402C-990C-54820878DD93}.Release|iPhone.ActiveCfg = Release|iPhone
		{D6A660DB-0BBD-402C-990C-54820878DD93}.Release|iPhone.Build.0 = Release|iPhone
		{D6A660DB-0BBD-402C-990C-54820878DD93}.Release|iPhoneSimulator.ActiveCfg = Release|iPhoneSimulator
		{D6A660DB-0BBD-402C-990C-54820878DD93}.Release|iPhoneSimulator.Build.0 = Release|iPhoneSimulator
	EndGlobalSection
	GlobalSection(SolutionProperties) = preSolution
		HideSolutionNode = FALSE
	EndGlobalSection
	GlobalSection(ExtensibilityGlobals) = postSolution
		SolutionGuid = {0090BCE9-C65C-4C68-8791-D2266A51E4EB}
	EndGlobalSection
EndGlobal
